// !$*UTF8*$!
{
	archiveVersion = 1;
	classes = {
	};
	objectVersion = 51;
	objects = {

/* Begin PBXBuildFile section */
		04FE5C640389715B5389197A /* Pods_Dark_Sky.framework in Frameworks */ = {isa = PBXBuildFile; fileRef = 6102641E77D70E8423E630FA /* Pods_Dark_Sky.framework */; };
		1A64A5CF2410F73400FD65CE /* AppDelegate.swift in Sources */ = {isa = PBXBuildFile; fileRef = 1A64A5CE2410F73400FD65CE /* AppDelegate.swift */; };
		1A64A5D12410F73400FD65CE /* SceneDelegate.swift in Sources */ = {isa = PBXBuildFile; fileRef = 1A64A5D02410F73400FD65CE /* SceneDelegate.swift */; };
		1A64A5D32410F73400FD65CE /* ViewController.swift in Sources */ = {isa = PBXBuildFile; fileRef = 1A64A5D22410F73400FD65CE /* ViewController.swift */; };
		1A64A5D62410F73400FD65CE /* Main.storyboard in Resources */ = {isa = PBXBuildFile; fileRef = 1A64A5D42410F73400FD65CE /* Main.storyboard */; };
		1A64A5D82410F73500FD65CE /* Assets.xcassets in Resources */ = {isa = PBXBuildFile; fileRef = 1A64A5D72410F73500FD65CE /* Assets.xcassets */; };
		1A64A5DB2410F73500FD65CE /* LaunchScreen.storyboard in Resources */ = {isa = PBXBuildFile; fileRef = 1A64A5D92410F73500FD65CE /* LaunchScreen.storyboard */; };
		1A64A5E42410F7B200FD65CE /* GoogleService-Info.plist in Resources */ = {isa = PBXBuildFile; fileRef = 1A64A5E32410F7B200FD65CE /* GoogleService-Info.plist */; };
/* End PBXBuildFile section */

/* Begin PBXFileReference section */
		1A64A5CB2410F73400FD65CE /* Dark Sky.app */ = {isa = PBXFileReference; explicitFileType = wrapper.application; includeInIndex = 0; path = "Dark Sky.app"; sourceTree = BUILT_PRODUCTS_DIR; };
		1A64A5CE2410F73400FD65CE /* AppDelegate.swift */ = {isa = PBXFileReference; lastKnownFileType = sourcecode.swift; path = AppDelegate.swift; sourceTree = "<group>"; };
		1A64A5D02410F73400FD65CE /* SceneDelegate.swift */ = {isa = PBXFileReference; lastKnownFileType = sourcecode.swift; path = SceneDelegate.swift; sourceTree = "<group>"; };
		1A64A5D22410F73400FD65CE /* ViewController.swift */ = {isa = PBXFileReference; lastKnownFileType = sourcecode.swift; path = ViewController.swift; sourceTree = "<group>"; };
		1A64A5D52410F73400FD65CE /* Base */ = {isa = PBXFileReference; lastKnownFileType = file.storyboard; name = Base; path = Base.lproj/Main.storyboard; sourceTree = "<group>"; };
		1A64A5D72410F73500FD65CE /* Assets.xcassets */ = {isa = PBXFileReference; lastKnownFileType = folder.assetcatalog; path = Assets.xcassets; sourceTree = "<group>"; };
		1A64A5DA2410F73500FD65CE /* Base */ = {isa = PBXFileReference; lastKnownFileType = file.storyboard; name = Base; path = Base.lproj/LaunchScreen.storyboard; sourceTree = "<group>"; };
		1A64A5DC2410F73500FD65CE /* Info.plist */ = {isa = PBXFileReference; lastKnownFileType = text.plist.xml; path = Info.plist; sourceTree = "<group>"; };
		1A64A5E32410F7B200FD65CE /* GoogleService-Info.plist */ = {isa = PBXFileReference; fileEncoding = 4; lastKnownFileType = text.plist.xml; name = "GoogleService-Info.plist"; path = "Dark Sky/Support Files/GoogleService-Info.plist"; sourceTree = SOURCE_ROOT; };
		6102641E77D70E8423E630FA /* Pods_Dark_Sky.framework */ = {isa = PBXFileReference; explicitFileType = wrapper.framework; includeInIndex = 0; path = Pods_Dark_Sky.framework; sourceTree = BUILT_PRODUCTS_DIR; };
		D0A42DEB0A152749D048B64B /* Pods-Dark Sky.debug.xcconfig */ = {isa = PBXFileReference; includeInIndex = 1; lastKnownFileType = text.xcconfig; name = "Pods-Dark Sky.debug.xcconfig"; path = "Target Support Files/Pods-Dark Sky/Pods-Dark Sky.debug.xcconfig"; sourceTree = "<group>"; };
		D6DD13CC0A350EADA8C33083 /* Pods-Dark Sky.release.xcconfig */ = {isa = PBXFileReference; includeInIndex = 1; lastKnownFileType = text.xcconfig; name = "Pods-Dark Sky.release.xcconfig"; path = "Target Support Files/Pods-Dark Sky/Pods-Dark Sky.release.xcconfig"; sourceTree = "<group>"; };
/* End PBXFileReference section */

/* Begin PBXFrameworksBuildPhase section */
		1A64A5C82410F73400FD65CE /* Frameworks */ = {
			isa = PBXFrameworksBuildPhase;
			buildActionMask = 2147483647;
			files = (
				04FE5C640389715B5389197A /* Pods_Dark_Sky.framework in Frameworks */,
			);
			runOnlyForDeploymentPostprocessing = 0;
		};
/* End PBXFrameworksBuildPhase section */

/* Begin PBXGroup section */
		1A64A5C22410F73400FD65CE = {
			isa = PBXGroup;
			children = (
				1A64A5CD2410F73400FD65CE /* Dark Sky */,
				1A64A5CC2410F73400FD65CE /* Products */,
				E3F56E7E479AE65667A54412 /* Pods */,
				298A0800FB9CF9B6075598D5 /* Frameworks */,
			);
			sourceTree = "<group>";
		};
		1A64A5CC2410F73400FD65CE /* Products */ = {
			isa = PBXGroup;
			children = (
				1A64A5CB2410F73400FD65CE /* Dark Sky.app */,
			);
			name = Products;
			sourceTree = "<group>";
		};
		1A64A5CD2410F73400FD65CE /* Dark Sky */ = {
			isa = PBXGroup;
			children = (
				1A64A5E22410F77900FD65CE /* Support Files */,
				1A64A5D22410F73400FD65CE /* ViewController.swift */,
				1A64A5D42410F73400FD65CE /* Main.storyboard */,
				1A64A5D72410F73500FD65CE /* Assets.xcassets */,
				1A64A5D92410F73500FD65CE /* LaunchScreen.storyboard */,
			);
			path = "Dark Sky";
			sourceTree = "<group>";
		};
		1A64A5E22410F77900FD65CE /* Support Files */ = {
			isa = PBXGroup;
			children = (
				1A64A5DC2410F73500FD65CE /* Info.plist */,
				1A64A5E32410F7B200FD65CE /* GoogleService-Info.plist */,
				1A64A5CE2410F73400FD65CE /* AppDelegate.swift */,
				1A64A5D02410F73400FD65CE /* SceneDelegate.swift */,
			);
			path = "Support Files";
			sourceTree = "<group>";
		};
		298A0800FB9CF9B6075598D5 /* Frameworks */ = {
			isa = PBXGroup;
			children = (
				6102641E77D70E8423E630FA /* Pods_Dark_Sky.framework */,
			);
			name = Frameworks;
			sourceTree = "<group>";
		};
		E3F56E7E479AE65667A54412 /* Pods */ = {
			isa = PBXGroup;
			children = (
				D0A42DEB0A152749D048B64B /* Pods-Dark Sky.debug.xcconfig */,
				D6DD13CC0A350EADA8C33083 /* Pods-Dark Sky.release.xcconfig */,
			);
			path = Pods;
			sourceTree = "<group>";
		};
/* End PBXGroup section */

/* Begin PBXNativeTarget section */
		1A64A5CA2410F73400FD65CE /* Dark Sky */ = {
			isa = PBXNativeTarget;
			buildConfigurationList = 1A64A5DF2410F73500FD65CE /* Build configuration list for PBXNativeTarget "Dark Sky" */;
			buildPhases = (
				608E972C99FDF40E793291C8 /* [CP] Check Pods Manifest.lock */,
				1A64A5C72410F73400FD65CE /* Sources */,
				1A64A5C82410F73400FD65CE /* Frameworks */,
				1A64A5C92410F73400FD65CE /* Resources */,
				2F9DF8922AFA2F6F29B49D3B /* [CP] Embed Pods Frameworks */,
			);
			buildRules = (
			);
			dependencies = (
			);
			name = "Dark Sky";
			productName = "Dark Sky";
			productReference = 1A64A5CB2410F73400FD65CE /* Dark Sky.app */;
			productType = "com.apple.product-type.application";
		};
/* End PBXNativeTarget section */

/* Begin PBXProject section */
		1A64A5C32410F73400FD65CE /* Project object */ = {
			isa = PBXProject;
			attributes = {
				LastSwiftUpdateCheck = 1130;
				LastUpgradeCheck = 1130;
				ORGANIZATIONNAME = "Michael Lin";
				TargetAttributes = {
					1A64A5CA2410F73400FD65CE = {
						CreatedOnToolsVersion = 11.3.1;
					};
				};
			};
			buildConfigurationList = 1A64A5C62410F73400FD65CE /* Build configuration list for PBXProject "Dark Sky" */;
			compatibilityVersion = "Xcode 9.3";
			developmentRegion = en;
			hasScannedForEncodings = 0;
			knownRegions = (
				en,
				Base,
			);
			mainGroup = 1A64A5C22410F73400FD65CE;
			productRefGroup = 1A64A5CC2410F73400FD65CE /* Products */;
			projectDirPath = "";
			projectRoot = "";
			targets = (
				1A64A5CA2410F73400FD65CE /* Dark Sky */,
			);
		};
/* End PBXProject section */

/* Begin PBXResourcesBuildPhase section */
		1A64A5C92410F73400FD65CE /* Resources */ = {
			isa = PBXResourcesBuildPhase;
			buildActionMask = 2147483647;
			files = (
				1A64A5DB2410F73500FD65CE /* LaunchScreen.storyboard in Resources */,
				1A64A5E42410F7B200FD65CE /* GoogleService-Info.plist in Resources */,
				1A64A5D82410F73500FD65CE /* Assets.xcassets in Resources */,
				1A64A5D62410F73400FD65CE /* Main.storyboard in Resources */,
			);
			runOnlyForDeploymentPostprocessing = 0;
		};
/* End PBXResourcesBuildPhase section */

/* Begin PBXShellScriptBuildPhase section */
		2F9DF8922AFA2F6F29B49D3B /* [CP] Embed Pods Frameworks */ = {
			isa = PBXShellScriptBuildPhase;
			buildActionMask = 2147483647;
			files = (
			);
			inputFileListPaths = (
				"${PODS_ROOT}/Target Support Files/Pods-Dark Sky/Pods-Dark Sky-frameworks-${CONFIGURATION}-input-files.xcfilelist",
			);
			name = "[CP] Embed Pods Frameworks";
			outputFileListPaths = (
				"${PODS_ROOT}/Target Support Files/Pods-Dark Sky/Pods-Dark Sky-frameworks-${CONFIGURATION}-output-files.xcfilelist",
			);
			runOnlyForDeploymentPostprocessing = 0;
			shellPath = /bin/sh;
			shellScript = "\"${PODS_ROOT}/Target Support Files/Pods-Dark Sky/Pods-Dark Sky-frameworks.sh\"\n";
			showEnvVarsInLog = 0;
		};
		608E972C99FDF40E793291C8 /* [CP] Check Pods Manifest.lock */ = {
			isa = PBXShellScriptBuildPhase;
			buildActionMask = 2147483647;
			files = (
			);
			inputFileListPaths = (
			);
			inputPaths = (
				"${PODS_PODFILE_DIR_PATH}/Podfile.lock",
				"${PODS_ROOT}/Manifest.lock",
			);
			name = "[CP] Check Pods Manifest.lock";
			outputFileListPaths = (
			);
			outputPaths = (
				"$(DERIVED_FILE_DIR)/Pods-Dark Sky-checkManifestLockResult.txt",
			);
			runOnlyForDeploymentPostprocessing = 0;
			shellPath = /bin/sh;
			shellScript = "diff \"${PODS_PODFILE_DIR_PATH}/Podfile.lock\" \"${PODS_ROOT}/Manifest.lock\" > /dev/null\nif [ $? != 0 ] ; then\n    # print error to STDERR\n    echo \"error: The sandbox is not in sync with the Podfile.lock. Run 'pod install' or update your CocoaPods installation.\" >&2\n    exit 1\nfi\n# This output is used by Xcode 'outputs' to avoid re-running this script phase.\necho \"SUCCESS\" > \"${SCRIPT_OUTPUT_FILE_0}\"\n";
			showEnvVarsInLog = 0;
		};
/* End PBXShellScriptBuildPhase section */

/* Begin PBXSourcesBuildPhase section */
		1A64A5C72410F73400FD65CE /* Sources */ = {
			isa = PBXSourcesBuildPhase;
			buildActionMask = 2147483647;
			files = (
				1A64A5D32410F73400FD65CE /* ViewController.swift in Sources */,
				1A64A5CF2410F73400FD65CE /* AppDelegate.swift in Sources */,
				1A64A5D12410F73400FD65CE /* SceneDelegate.swift in Sources */,
			);
			runOnlyForDeploymentPostprocessing = 0;
		};
/* End PBXSourcesBuildPhase section */

/* Begin PBXVariantGroup section */
		1A64A5D42410F73400FD65CE /* Main.storyboard */ = {
			isa = PBXVariantGroup;
			children = (
				1A64A5D52410F73400FD65CE /* Base */,
			);
			name = Main.storyboard;
			sourceTree = "<group>";
		};
		1A64A5D92410F73500FD65CE /* LaunchScreen.storyboard */ = {
			isa = PBXVariantGroup;
			children = (
				1A64A5DA2410F73500FD65CE /* Base */,
			);
			name = LaunchScreen.storyboard;
			sourceTree = "<group>";
		};
/* End PBXVariantGroup section */

/* Begin XCBuildConfiguration section */
		1A64A5DD2410F73500FD65CE /* Debug */ = {
			isa = XCBuildConfiguration;
			buildSettings = {
				ALWAYS_SEARCH_USER_PATHS = NO;
				CLANG_ANALYZER_NONNULL = YES;
				CLANG_ANALYZER_NUMBER_OBJECT_CONVERSION = YES_AGGRESSIVE;
				CLANG_CXX_LANGUAGE_STANDARD = "gnu++14";
				CLANG_CXX_LIBRARY = "libc++";
				CLANG_ENABLE_MODULES = YES;
				CLANG_ENABLE_OBJC_ARC = YES;
				CLANG_ENABLE_OBJC_WEAK = YES;
				CLANG_WARN_BLOCK_CAPTURE_AUTORELEASING = YES;
				CLANG_WARN_BOOL_CONVERSION = YES;
				CLANG_WARN_COMMA = YES;
				CLANG_WARN_CONSTANT_CONVERSION = YES;
				CLANG_WARN_DEPRECATED_OBJC_IMPLEMENTATIONS = YES;
				CLANG_WARN_DIRECT_OBJC_ISA_USAGE = YES_ERROR;
				CLANG_WARN_DOCUMENTATION_COMMENTS = YES;
				CLANG_WARN_EMPTY_BODY = YES;
				CLANG_WARN_ENUM_CONVERSION = YES;
				CLANG_WARN_INFINITE_RECURSION = YES;
				CLANG_WARN_INT_CONVERSION = YES;
				CLANG_WARN_NON_LITERAL_NULL_CONVERSION = YES;
				CLANG_WARN_OBJC_IMPLICIT_RETAIN_SELF = YES;
				CLANG_WARN_OBJC_LITERAL_CONVERSION = YES;
				CLANG_WARN_OBJC_ROOT_CLASS = YES_ERROR;
				CLANG_WARN_RANGE_LOOP_ANALYSIS = YES;
				CLANG_WARN_STRICT_PROTOTYPES = YES;
				CLANG_WARN_SUSPICIOUS_MOVE = YES;
				CLANG_WARN_UNGUARDED_AVAILABILITY = YES_AGGRESSIVE;
				CLANG_WARN_UNREACHABLE_CODE = YES;
				CLANG_WARN__DUPLICATE_METHOD_MATCH = YES;
				COPY_PHASE_STRIP = NO;
				DEBUG_INFORMATION_FORMAT = dwarf;
				ENABLE_STRICT_OBJC_MSGSEND = YES;
				ENABLE_TESTABILITY = YES;
				GCC_C_LANGUAGE_STANDARD = gnu11;
				GCC_DYNAMIC_NO_PIC = NO;
				GCC_NO_COMMON_BLOCKS = YES;
				GCC_OPTIMIZATION_LEVEL = 0;
				GCC_PREPROCESSOR_DEFINITIONS = (
					"DEBUG=1",
					"$(inherited)",
				);
				GCC_WARN_64_TO_32_BIT_CONVERSION = YES;
				GCC_WARN_ABOUT_RETURN_TYPE = YES_ERROR;
				GCC_WARN_UNDECLARED_SELECTOR = YES;
				GCC_WARN_UNINITIALIZED_AUTOS = YES_AGGRESSIVE;
				GCC_WARN_UNUSED_FUNCTION = YES;
				GCC_WARN_UNUSED_VARIABLE = YES;
				IPHONEOS_DEPLOYMENT_TARGET = 13.2;
				MTL_ENABLE_DEBUG_INFO = INCLUDE_SOURCE;
				MTL_FAST_MATH = YES;
				ONLY_ACTIVE_ARCH = YES;
				SDKROOT = iphoneos;
				SWIFT_ACTIVE_COMPILATION_CONDITIONS = DEBUG;
				SWIFT_OPTIMIZATION_LEVEL = "-Onone";
			};
			name = Debug;
		};
		1A64A5DE2410F73500FD65CE /* Release */ = {
			isa = XCBuildConfiguration;
			buildSettings = {
				ALWAYS_SEARCH_USER_PATHS = NO;
				CLANG_ANALYZER_NONNULL = YES;
				CLANG_ANALYZER_NUMBER_OBJECT_CONVERSION = YES_AGGRESSIVE;
				CLANG_CXX_LANGUAGE_STANDARD = "gnu++14";
				CLANG_CXX_LIBRARY = "libc++";
				CLANG_ENABLE_MODULES = YES;
				CLANG_ENABLE_OBJC_ARC = YES;
				CLANG_ENABLE_OBJC_WEAK = YES;
				CLANG_WARN_BLOCK_CAPTURE_AUTORELEASING = YES;
				CLANG_WARN_BOOL_CONVERSION = YES;
				CLANG_WARN_COMMA = YES;
				CLANG_WARN_CONSTANT_CONVERSION = YES;
				CLANG_WARN_DEPRECATED_OBJC_IMPLEMENTATIONS = YES;
				CLANG_WARN_DIRECT_OBJC_ISA_USAGE = YES_ERROR;
				CLANG_WARN_DOCUMENTATION_COMMENTS = YES;
				CLANG_WARN_EMPTY_BODY = YES;
				CLANG_WARN_ENUM_CONVERSION = YES;
				CLANG_WARN_INFINITE_RECURSION = YES;
				CLANG_WARN_INT_CONVERSION = YES;
				CLANG_WARN_NON_LITERAL_NULL_CONVERSION = YES;
				CLANG_WARN_OBJC_IMPLICIT_RETAIN_SELF = YES;
				CLANG_WARN_OBJC_LITERAL_CONVERSION = YES;
				CLANG_WARN_OBJC_ROOT_CLASS = YES_ERROR;
				CLANG_WARN_RANGE_LOOP_ANALYSIS = YES;
				CLANG_WARN_STRICT_PROTOTYPES = YES;
				CLANG_WARN_SUSPICIOUS_MOVE = YES;
				CLANG_WARN_UNGUARDED_AVAILABILITY = YES_AGGRESSIVE;
				CLANG_WARN_UNREACHABLE_CODE = YES;
				CLANG_WARN__DUPLICATE_METHOD_MATCH = YES;
				COPY_PHASE_STRIP = NO;
				DEBUG_INFORMATION_FORMAT = "dwarf-with-dsym";
				ENABLE_NS_ASSERTIONS = NO;
				ENABLE_STRICT_OBJC_MSGSEND = YES;
				GCC_C_LANGUAGE_STANDARD = gnu11;
				GCC_NO_COMMON_BLOCKS = YES;
				GCC_WARN_64_TO_32_BIT_CONVERSION = YES;
				GCC_WARN_ABOUT_RETURN_TYPE = YES_ERROR;
				GCC_WARN_UNDECLARED_SELECTOR = YES;
				GCC_WARN_UNINITIALIZED_AUTOS = YES_AGGRESSIVE;
				GCC_WARN_UNUSED_FUNCTION = YES;
				GCC_WARN_UNUSED_VARIABLE = YES;
				IPHONEOS_DEPLOYMENT_TARGET = 13.2;
				MTL_ENABLE_DEBUG_INFO = NO;
				MTL_FAST_MATH = YES;
				SDKROOT = iphoneos;
				SWIFT_COMPILATION_MODE = wholemodule;
				SWIFT_OPTIMIZATION_LEVEL = "-O";
				VALIDATE_PRODUCT = YES;
			};
			name = Release;
		};
		1A64A5E02410F73500FD65CE /* Debug */ = {
			isa = XCBuildConfiguration;
			baseConfigurationReference = D0A42DEB0A152749D048B64B /* Pods-Dark Sky.debug.xcconfig */;
			buildSettings = {
				ASSETCATALOG_COMPILER_APPICON_NAME = AppIcon;
				CODE_SIGN_STYLE = Automatic;
				DEVELOPMENT_TEAM = 55BUFERA4K;
				INFOPLIST_FILE = "Dark Sky/Support Files/Info.plist";
				LD_RUNPATH_SEARCH_PATHS = (
					"$(inherited)",
					"@executable_path/Frameworks",
				);
				PRODUCT_BUNDLE_IDENTIFIER = "cc.miclin.Dark-Sky";
				PRODUCT_NAME = "$(TARGET_NAME)";
				SWIFT_VERSION = 5.0;
				TARGETED_DEVICE_FAMILY = "1,2";
			};
			name = Debug;
		};
		1A64A5E12410F73500FD65CE /* Release */ = {
			isa = XCBuildConfiguration;
			baseConfigurationReference = D6DD13CC0A350EADA8C33083 /* Pods-Dark Sky.release.xcconfig */;
			buildSettings = {
				ASSETCATALOG_COMPILER_APPICON_NAME = AppIcon;
				CODE_SIGN_STYLE = Automatic;
				DEVELOPMENT_TEAM = 55BUFERA4K;
				INFOPLIST_FILE = "Dark Sky/Support Files/Info.plist";
				LD_RUNPATH_SEARCH_PATHS = (
					"$(inherited)",
					"@executable_path/Frameworks",
				);
				PRODUCT_BUNDLE_IDENTIFIER = "cc.miclin.Dark-Sky";
				PRODUCT_NAME = "$(TARGET_NAME)";
				SWIFT_VERSION = 5.0;
				TARGETED_DEVICE_FAMILY = "1,2";
			};
			name = Release;
		};
/* End XCBuildConfiguration section */

/* Begin XCConfigurationList section */
		1A64A5C62410F73400FD65CE /* Build configuration list for PBXProject "Dark Sky" */ = {
			isa = XCConfigurationList;
			buildConfigurations = (
				1A64A5DD2410F73500FD65CE /* Debug */,
				1A64A5DE2410F73500FD65CE /* Release */,
			);
			defaultConfigurationIsVisible = 0;
			defaultConfigurationName = Release;
		};
		1A64A5DF2410F73500FD65CE /* Build configuration list for PBXNativeTarget "Dark Sky" */ = {
			isa = XCConfigurationList;
			buildConfigurations = (
				1A64A5E02410F73500FD65CE /* Debug */,
				1A64A5E12410F73500FD65CE /* Release */,
			);
			defaultConfigurationIsVisible = 0;
			defaultConfigurationName = Release;
		};
/* End XCConfigurationList section */
	};
	rootObject = 1A64A5C32410F73400FD65CE /* Project object */;
}
