// !$*UTF8*$!
{
	archiveVersion = 1;
	classes = {
	};
	objectVersion = 51;
	objects = {

/* Begin PBXBuildFile section */
		1A13196D2411068800E29903 /* Weather.swift in Sources */ = {isa = PBXBuildFile; fileRef = 1A13196C2411068800E29903 /* Weather.swift */; };
		1A5F910B24110C9D007BEE4E /* Location.swift in Sources */ = {isa = PBXBuildFile; fileRef = 1A5F910A24110C9D007BEE4E /* Location.swift */; };
		1A5F910F2411CD28007BEE4E /* Manager.swift in Sources */ = {isa = PBXBuildFile; fileRef = 1A5F910E2411CD28007BEE4E /* Manager.swift */; };
		1A5F91132411ED68007BEE4E /* SF-Pro-Text-Bold.otf in Resources */ = {isa = PBXBuildFile; fileRef = 1A5F91122411ED68007BEE4E /* SF-Pro-Text-Bold.otf */; };
		1A5F91182411ED8E007BEE4E /* SF-Pro-Text-Thin.otf in Resources */ = {isa = PBXBuildFile; fileRef = 1A5F91142411ED8D007BEE4E /* SF-Pro-Text-Thin.otf */; };
		1A5F91192411ED8E007BEE4E /* SF-Pro-Text-Semibold.otf in Resources */ = {isa = PBXBuildFile; fileRef = 1A5F91152411ED8D007BEE4E /* SF-Pro-Text-Semibold.otf */; };
		1A5F911A2411ED8E007BEE4E /* SF-Pro-Text-Regular.otf in Resources */ = {isa = PBXBuildFile; fileRef = 1A5F91162411ED8D007BEE4E /* SF-Pro-Text-Regular.otf */; };
		1A5F911B2411ED8E007BEE4E /* SF-Pro-Text-Medium.otf in Resources */ = {isa = PBXBuildFile; fileRef = 1A5F91172411ED8E007BEE4E /* SF-Pro-Text-Medium.otf */; };
		1A5F911D2411EE36007BEE4E /* DataDisplayUILabel.swift in Sources */ = {isa = PBXBuildFile; fileRef = 1A5F911C2411EE36007BEE4E /* DataDisplayUILabel.swift */; };
		1A64A5CF2410F73400FD65CE /* AppDelegate.swift in Sources */ = {isa = PBXBuildFile; fileRef = 1A64A5CE2410F73400FD65CE /* AppDelegate.swift */; };
		1A64A5D12410F73400FD65CE /* SceneDelegate.swift in Sources */ = {isa = PBXBuildFile; fileRef = 1A64A5D02410F73400FD65CE /* SceneDelegate.swift */; };
		1A64A5D32410F73400FD65CE /* ViewController.swift in Sources */ = {isa = PBXBuildFile; fileRef = 1A64A5D22410F73400FD65CE /* ViewController.swift */; };
		1A64A5D62410F73400FD65CE /* Main.storyboard in Resources */ = {isa = PBXBuildFile; fileRef = 1A64A5D42410F73400FD65CE /* Main.storyboard */; };
		1A64A5D82410F73500FD65CE /* Assets.xcassets in Resources */ = {isa = PBXBuildFile; fileRef = 1A64A5D72410F73500FD65CE /* Assets.xcassets */; };
		1A64A5DB2410F73500FD65CE /* LaunchScreen.storyboard in Resources */ = {isa = PBXBuildFile; fileRef = 1A64A5D92410F73500FD65CE /* LaunchScreen.storyboard */; };
		1A7BC1DA2416E91D008FA902 /* loading.json in Resources */ = {isa = PBXBuildFile; fileRef = 1A7BC1D92416E91D008FA902 /* loading.json */; };
		1AA2D96724138AF000CF5FC1 /* PageViewController.swift in Sources */ = {isa = PBXBuildFile; fileRef = 1AA2D96624138AF000CF5FC1 /* PageViewController.swift */; };
		1AA2D969241435DD00CF5FC1 /* CustomLocationVC.swift in Sources */ = {isa = PBXBuildFile; fileRef = 1AA2D968241435DD00CF5FC1 /* CustomLocationVC.swift */; };
		1AA2D96B24144C9700CF5FC1 /* CurrentLocationVC.swift in Sources */ = {isa = PBXBuildFile; fileRef = 1AA2D96A24144C9700CF5FC1 /* CurrentLocationVC.swift */; };
		1AA2D96F2414653000CF5FC1 /* LocationSearchVC.swift in Sources */ = {isa = PBXBuildFile; fileRef = 1AA2D96E2414653000CF5FC1 /* LocationSearchVC.swift */; };
		1AA2D9752414F46000CF5FC1 /* Secrets.plist in Resources */ = {isa = PBXBuildFile; fileRef = 1AA2D9742414F46000CF5FC1 /* Secrets.plist */; };
		1AFC2E662412163B0066254E /* SF-Pro-Text-Light.otf in Resources */ = {isa = PBXBuildFile; fileRef = 1AFC2E652412163B0066254E /* SF-Pro-Text-Light.otf */; };
		1AFC2E682412255B0066254E /* UIView - Ext.swift in Sources */ = {isa = PBXBuildFile; fileRef = 1AFC2E672412255B0066254E /* UIView - Ext.swift */; };
		D122F9E1FA1757D36B7E5F9A /* Pods_Dark_Sky.framework in Frameworks */ = {isa = PBXBuildFile; fileRef = 4D7B5424E107B20BFB3D07FA /* Pods_Dark_Sky.framework */; };
/* End PBXBuildFile section */

/* Begin PBXFileReference section */
		1A13196C2411068800E29903 /* Weather.swift */ = {isa = PBXFileReference; lastKnownFileType = sourcecode.swift; path = Weather.swift; sourceTree = "<group>"; };
		1A5F910A24110C9D007BEE4E /* Location.swift */ = {isa = PBXFileReference; lastKnownFileType = sourcecode.swift; path = Location.swift; sourceTree = "<group>"; };
		1A5F910E2411CD28007BEE4E /* Manager.swift */ = {isa = PBXFileReference; lastKnownFileType = sourcecode.swift; path = Manager.swift; sourceTree = "<group>"; };
		1A5F91122411ED68007BEE4E /* SF-Pro-Text-Bold.otf */ = {isa = PBXFileReference; lastKnownFileType = file; name = "SF-Pro-Text-Bold.otf"; path = "Dark Sky/Resources/Fonts/SF-Pro-Text-Bold.otf"; sourceTree = SOURCE_ROOT; };
		1A5F91142411ED8D007BEE4E /* SF-Pro-Text-Thin.otf */ = {isa = PBXFileReference; lastKnownFileType = file; name = "SF-Pro-Text-Thin.otf"; path = "Dark Sky/Resources/Fonts/SF-Pro-Text-Thin.otf"; sourceTree = SOURCE_ROOT; };
		1A5F91152411ED8D007BEE4E /* SF-Pro-Text-Semibold.otf */ = {isa = PBXFileReference; lastKnownFileType = file; name = "SF-Pro-Text-Semibold.otf"; path = "Dark Sky/Resources/Fonts/SF-Pro-Text-Semibold.otf"; sourceTree = SOURCE_ROOT; };
		1A5F91162411ED8D007BEE4E /* SF-Pro-Text-Regular.otf */ = {isa = PBXFileReference; lastKnownFileType = file; name = "SF-Pro-Text-Regular.otf"; path = "Dark Sky/Resources/Fonts/SF-Pro-Text-Regular.otf"; sourceTree = SOURCE_ROOT; };
		1A5F91172411ED8E007BEE4E /* SF-Pro-Text-Medium.otf */ = {isa = PBXFileReference; lastKnownFileType = file; name = "SF-Pro-Text-Medium.otf"; path = "Dark Sky/Resources/Fonts/SF-Pro-Text-Medium.otf"; sourceTree = SOURCE_ROOT; };
		1A5F911C2411EE36007BEE4E /* DataDisplayUILabel.swift */ = {isa = PBXFileReference; lastKnownFileType = sourcecode.swift; path = DataDisplayUILabel.swift; sourceTree = "<group>"; };
		1A64A5CB2410F73400FD65CE /* Dark Sky.app */ = {isa = PBXFileReference; explicitFileType = wrapper.application; includeInIndex = 0; path = "Dark Sky.app"; sourceTree = BUILT_PRODUCTS_DIR; };
		1A64A5CE2410F73400FD65CE /* AppDelegate.swift */ = {isa = PBXFileReference; lastKnownFileType = sourcecode.swift; path = AppDelegate.swift; sourceTree = "<group>"; };
		1A64A5D02410F73400FD65CE /* SceneDelegate.swift */ = {isa = PBXFileReference; lastKnownFileType = sourcecode.swift; path = SceneDelegate.swift; sourceTree = "<group>"; };
		1A64A5D22410F73400FD65CE /* ViewController.swift */ = {isa = PBXFileReference; lastKnownFileType = sourcecode.swift; path = ViewController.swift; sourceTree = "<group>"; };
		1A64A5D52410F73400FD65CE /* Base */ = {isa = PBXFileReference; lastKnownFileType = file.storyboard; name = Base; path = Base.lproj/Main.storyboard; sourceTree = "<group>"; };
		1A64A5D72410F73500FD65CE /* Assets.xcassets */ = {isa = PBXFileReference; lastKnownFileType = folder.assetcatalog; path = Assets.xcassets; sourceTree = "<group>"; };
		1A64A5DA2410F73500FD65CE /* Base */ = {isa = PBXFileReference; lastKnownFileType = file.storyboard; name = Base; path = Base.lproj/LaunchScreen.storyboard; sourceTree = "<group>"; };
		1A64A5DC2410F73500FD65CE /* Info.plist */ = {isa = PBXFileReference; lastKnownFileType = text.plist.xml; path = Info.plist; sourceTree = "<group>"; };
		1A7BC1D92416E91D008FA902 /* loading.json */ = {isa = PBXFileReference; fileEncoding = 4; lastKnownFileType = text.json; path = loading.json; sourceTree = "<group>"; };
		1AA2D96624138AF000CF5FC1 /* PageViewController.swift */ = {isa = PBXFileReference; lastKnownFileType = sourcecode.swift; path = PageViewController.swift; sourceTree = "<group>"; };
		1AA2D968241435DD00CF5FC1 /* CustomLocationVC.swift */ = {isa = PBXFileReference; lastKnownFileType = sourcecode.swift; path = CustomLocationVC.swift; sourceTree = "<group>"; };
		1AA2D96A24144C9700CF5FC1 /* CurrentLocationVC.swift */ = {isa = PBXFileReference; lastKnownFileType = sourcecode.swift; path = CurrentLocationVC.swift; sourceTree = "<group>"; };
		1AA2D96E2414653000CF5FC1 /* LocationSearchVC.swift */ = {isa = PBXFileReference; lastKnownFileType = sourcecode.swift; path = LocationSearchVC.swift; sourceTree = "<group>"; };
		1AA2D9742414F46000CF5FC1 /* Secrets.plist */ = {isa = PBXFileReference; lastKnownFileType = text.plist.xml; path = Secrets.plist; sourceTree = "<group>"; };
		1AFC2E652412163B0066254E /* SF-Pro-Text-Light.otf */ = {isa = PBXFileReference; lastKnownFileType = file; path = "SF-Pro-Text-Light.otf"; sourceTree = "<group>"; };
		1AFC2E672412255B0066254E /* UIView - Ext.swift */ = {isa = PBXFileReference; lastKnownFileType = sourcecode.swift; path = "UIView - Ext.swift"; sourceTree = "<group>"; };
		4D7B5424E107B20BFB3D07FA /* Pods_Dark_Sky.framework */ = {isa = PBXFileReference; explicitFileType = wrapper.framework; includeInIndex = 0; path = Pods_Dark_Sky.framework; sourceTree = BUILT_PRODUCTS_DIR; };
		7AF001573BEE7D4EE21830A6 /* Pods-Dark Sky.release.xcconfig */ = {isa = PBXFileReference; includeInIndex = 1; lastKnownFileType = text.xcconfig; name = "Pods-Dark Sky.release.xcconfig"; path = "Target Support Files/Pods-Dark Sky/Pods-Dark Sky.release.xcconfig"; sourceTree = "<group>"; };
		9459B174E46446AA449DE17F /* Pods-Dark Sky.debug.xcconfig */ = {isa = PBXFileReference; includeInIndex = 1; lastKnownFileType = text.xcconfig; name = "Pods-Dark Sky.debug.xcconfig"; path = "Target Support Files/Pods-Dark Sky/Pods-Dark Sky.debug.xcconfig"; sourceTree = "<group>"; };
/* End PBXFileReference section */

/* Begin PBXFrameworksBuildPhase section */
		1A64A5C82410F73400FD65CE /* Frameworks */ = {
			isa = PBXFrameworksBuildPhase;
			buildActionMask = 2147483647;
			files = (
				D122F9E1FA1757D36B7E5F9A /* Pods_Dark_Sky.framework in Frameworks */,
			);
			runOnlyForDeploymentPostprocessing = 0;
		};
/* End PBXFrameworksBuildPhase section */

/* Begin PBXGroup section */
		1A131968241105E500E29903 /* Models */ = {
			isa = PBXGroup;
			children = (
				1A13196C2411068800E29903 /* Weather.swift */,
				1A5F910A24110C9D007BEE4E /* Location.swift */,
				1A5F910E2411CD28007BEE4E /* Manager.swift */,
			);
			path = Models;
			sourceTree = "<group>";
		};
		1A131969241105FA00E29903 /* Views */ = {
			isa = PBXGroup;
			children = (
				1A5F911C2411EE36007BEE4E /* DataDisplayUILabel.swift */,
				1AFC2E672412255B0066254E /* UIView - Ext.swift */,
			);
			path = Views;
			sourceTree = "<group>";
		};
		1A13196A2411060100E29903 /* Controllers */ = {
			isa = PBXGroup;
			children = (
				1A64A5D22410F73400FD65CE /* ViewController.swift */,
				1AA2D96A24144C9700CF5FC1 /* CurrentLocationVC.swift */,
				1AA2D96624138AF000CF5FC1 /* PageViewController.swift */,
				1AA2D968241435DD00CF5FC1 /* CustomLocationVC.swift */,
				1AA2D96E2414653000CF5FC1 /* LocationSearchVC.swift */,
			);
			path = Controllers;
			sourceTree = "<group>";
		};
		1A13196B2411060E00E29903 /* Resources */ = {
			isa = PBXGroup;
			children = (
				1A7BC1D42416E661008FA902 /* Animations */,
				1A5F91112411EBD1007BEE4E /* Fonts */,
				1A64A5D72410F73500FD65CE /* Assets.xcassets */,
			);
			path = Resources;
			sourceTree = "<group>";
		};
		1A5F91112411EBD1007BEE4E /* Fonts */ = {
			isa = PBXGroup;
			children = (
				1AFC2E652412163B0066254E /* SF-Pro-Text-Light.otf */,
				1A5F91122411ED68007BEE4E /* SF-Pro-Text-Bold.otf */,
				1A5F91172411ED8E007BEE4E /* SF-Pro-Text-Medium.otf */,
				1A5F91162411ED8D007BEE4E /* SF-Pro-Text-Regular.otf */,
				1A5F91152411ED8D007BEE4E /* SF-Pro-Text-Semibold.otf */,
				1A5F91142411ED8D007BEE4E /* SF-Pro-Text-Thin.otf */,
			);
			path = Fonts;
			sourceTree = "<group>";
		};
		1A64A5C22410F73400FD65CE = {
			isa = PBXGroup;
			children = (
				1A64A5CD2410F73400FD65CE /* Dark Sky */,
				1A64A5CC2410F73400FD65CE /* Products */,
				E3F56E7E479AE65667A54412 /* Pods */,
				9B45577EFF6B2803FCC2BB9B /* Frameworks */,
			);
			sourceTree = "<group>";
		};
		1A64A5CC2410F73400FD65CE /* Products */ = {
			isa = PBXGroup;
			children = (
				1A64A5CB2410F73400FD65CE /* Dark Sky.app */,
			);
			name = Products;
			sourceTree = "<group>";
		};
		1A64A5CD2410F73400FD65CE /* Dark Sky */ = {
			isa = PBXGroup;
			children = (
				1A13196B2411060E00E29903 /* Resources */,
				1A13196A2411060100E29903 /* Controllers */,
				1A131969241105FA00E29903 /* Views */,
				1A131968241105E500E29903 /* Models */,
				1A64A5E22410F77900FD65CE /* Support Files */,
				1A64A5D42410F73400FD65CE /* Main.storyboard */,
				1A64A5D92410F73500FD65CE /* LaunchScreen.storyboard */,
			);
			path = "Dark Sky";
			sourceTree = "<group>";
		};
		1A64A5E22410F77900FD65CE /* Support Files */ = {
			isa = PBXGroup;
			children = (
				1A64A5DC2410F73500FD65CE /* Info.plist */,
				1A64A5CE2410F73400FD65CE /* AppDelegate.swift */,
				1A64A5D02410F73400FD65CE /* SceneDelegate.swift */,
				1AA2D9742414F46000CF5FC1 /* Secrets.plist */,
			);
			path = "Support Files";
			sourceTree = "<group>";
		};
		1A7BC1D42416E661008FA902 /* Animations */ = {
			isa = PBXGroup;
			children = (
				1A7BC1D92416E91D008FA902 /* loading.json */,
			);
			path = Animations;
			sourceTree = "<group>";
		};
		9B45577EFF6B2803FCC2BB9B /* Frameworks */ = {
			isa = PBXGroup;
			children = (
				4D7B5424E107B20BFB3D07FA /* Pods_Dark_Sky.framework */,
			);
			name = Frameworks;
			sourceTree = "<group>";
		};
		E3F56E7E479AE65667A54412 /* Pods */ = {
			isa = PBXGroup;
			children = (
				9459B174E46446AA449DE17F /* Pods-Dark Sky.debug.xcconfig */,
				7AF001573BEE7D4EE21830A6 /* Pods-Dark Sky.release.xcconfig */,
			);
			path = Pods;
			sourceTree = "<group>";
		};
/* End PBXGroup section */

/* Begin PBXNativeTarget section */
		1A64A5CA2410F73400FD65CE /* Dark Sky */ = {
			isa = PBXNativeTarget;
			buildConfigurationList = 1A64A5DF2410F73500FD65CE /* Build configuration list for PBXNativeTarget "Dark Sky" */;
			buildPhases = (
				729A8F2F4A7DDE863093C9D1 /* [CP] Check Pods Manifest.lock */,
				1A64A5C72410F73400FD65CE /* Sources */,
				1A64A5C82410F73400FD65CE /* Frameworks */,
				1A64A5C92410F73400FD65CE /* Resources */,
				D079F0C31BADEB70CDFD80AB /* [CP] Embed Pods Frameworks */,
				E3201C4BC45BFC1811EF7AB8 /* [CP] Copy Pods Resources */,
			);
			buildRules = (
			);
			dependencies = (
			);
			name = "Dark Sky";
			productName = "Dark Sky";
			productReference = 1A64A5CB2410F73400FD65CE /* Dark Sky.app */;
			productType = "com.apple.product-type.application";
		};
/* End PBXNativeTarget section */

/* Begin PBXProject section */
		1A64A5C32410F73400FD65CE /* Project object */ = {
			isa = PBXProject;
			attributes = {
				LastSwiftUpdateCheck = 1130;
				LastUpgradeCheck = 1130;
				ORGANIZATIONNAME = "Michael Lin";
				TargetAttributes = {
					1A64A5CA2410F73400FD65CE = {
						CreatedOnToolsVersion = 11.3.1;
					};
				};
			};
			buildConfigurationList = 1A64A5C62410F73400FD65CE /* Build configuration list for PBXProject "Dark Sky" */;
			compatibilityVersion = "Xcode 9.3";
			developmentRegion = en;
			hasScannedForEncodings = 0;
			knownRegions = (
				en,
				Base,
			);
			mainGroup = 1A64A5C22410F73400FD65CE;
			productRefGroup = 1A64A5CC2410F73400FD65CE /* Products */;
			projectDirPath = "";
			projectRoot = "";
			targets = (
				1A64A5CA2410F73400FD65CE /* Dark Sky */,
			);
		};
/* End PBXProject section */

/* Begin PBXResourcesBuildPhase section */
		1A64A5C92410F73400FD65CE /* Resources */ = {
			isa = PBXResourcesBuildPhase;
			buildActionMask = 2147483647;
			files = (
				1A64A5DB2410F73500FD65CE /* LaunchScreen.storyboard in Resources */,
				1AA2D9752414F46000CF5FC1 /* Secrets.plist in Resources */,
				1A7BC1DA2416E91D008FA902 /* loading.json in Resources */,
				1A5F91132411ED68007BEE4E /* SF-Pro-Text-Bold.otf in Resources */,
				1A5F91182411ED8E007BEE4E /* SF-Pro-Text-Thin.otf in Resources */,
				1AFC2E662412163B0066254E /* SF-Pro-Text-Light.otf in Resources */,
				1A64A5D82410F73500FD65CE /* Assets.xcassets in Resources */,
				1A64A5D62410F73400FD65CE /* Main.storyboard in Resources */,
				1A5F911A2411ED8E007BEE4E /* SF-Pro-Text-Regular.otf in Resources */,
				1A5F91192411ED8E007BEE4E /* SF-Pro-Text-Semibold.otf in Resources */,
				1A5F911B2411ED8E007BEE4E /* SF-Pro-Text-Medium.otf in Resources */,
			);
			runOnlyForDeploymentPostprocessing = 0;
		};
/* End PBXResourcesBuildPhase section */

/* Begin PBXShellScriptBuildPhase section */
		729A8F2F4A7DDE863093C9D1 /* [CP] Check Pods Manifest.lock */ = {
			isa = PBXShellScriptBuildPhase;
			buildActionMask = 2147483647;
			files = (
			);
			inputFileListPaths = (
			);
			inputPaths = (
				"${PODS_PODFILE_DIR_PATH}/Podfile.lock",
				"${PODS_ROOT}/Manifest.lock",
			);
			name = "[CP] Check Pods Manifest.lock";
			outputFileListPaths = (
			);
			outputPaths = (
				"$(DERIVED_FILE_DIR)/Pods-Dark Sky-checkManifestLockResult.txt",
			);
			runOnlyForDeploymentPostprocessing = 0;
			shellPath = /bin/sh;
			shellScript = "diff \"${PODS_PODFILE_DIR_PATH}/Podfile.lock\" \"${PODS_ROOT}/Manifest.lock\" > /dev/null\nif [ $? != 0 ] ; then\n    # print error to STDERR\n    echo \"error: The sandbox is not in sync with the Podfile.lock. Run 'pod install' or update your CocoaPods installation.\" >&2\n    exit 1\nfi\n# This output is used by Xcode 'outputs' to avoid re-running this script phase.\necho \"SUCCESS\" > \"${SCRIPT_OUTPUT_FILE_0}\"\n";
			showEnvVarsInLog = 0;
		};
		D079F0C31BADEB70CDFD80AB /* [CP] Embed Pods Frameworks */ = {
			isa = PBXShellScriptBuildPhase;
			buildActionMask = 2147483647;
			files = (
			);
			inputFileListPaths = (
				"${PODS_ROOT}/Target Support Files/Pods-Dark Sky/Pods-Dark Sky-frameworks-${CONFIGURATION}-input-files.xcfilelist",
			);
			name = "[CP] Embed Pods Frameworks";
			outputFileListPaths = (
				"${PODS_ROOT}/Target Support Files/Pods-Dark Sky/Pods-Dark Sky-frameworks-${CONFIGURATION}-output-files.xcfilelist",
			);
			runOnlyForDeploymentPostprocessing = 0;
			shellPath = /bin/sh;
			shellScript = "\"${PODS_ROOT}/Target Support Files/Pods-Dark Sky/Pods-Dark Sky-frameworks.sh\"\n";
			showEnvVarsInLog = 0;
		};
		E3201C4BC45BFC1811EF7AB8 /* [CP] Copy Pods Resources */ = {
			isa = PBXShellScriptBuildPhase;
			buildActionMask = 2147483647;
			files = (
			);
			inputFileListPaths = (
				"${PODS_ROOT}/Target Support Files/Pods-Dark Sky/Pods-Dark Sky-resources-${CONFIGURATION}-input-files.xcfilelist",
			);
			name = "[CP] Copy Pods Resources";
			outputFileListPaths = (
				"${PODS_ROOT}/Target Support Files/Pods-Dark Sky/Pods-Dark Sky-resources-${CONFIGURATION}-output-files.xcfilelist",
			);
			runOnlyForDeploymentPostprocessing = 0;
			shellPath = /bin/sh;
			shellScript = "\"${PODS_ROOT}/Target Support Files/Pods-Dark Sky/Pods-Dark Sky-resources.sh\"\n";
			showEnvVarsInLog = 0;
		};
/* End PBXShellScriptBuildPhase section */

/* Begin PBXSourcesBuildPhase section */
		1A64A5C72410F73400FD65CE /* Sources */ = {
			isa = PBXSourcesBuildPhase;
			buildActionMask = 2147483647;
			files = (
				1A13196D2411068800E29903 /* Weather.swift in Sources */,
				1A5F911D2411EE36007BEE4E /* DataDisplayUILabel.swift in Sources */,
				1A5F910F2411CD28007BEE4E /* Manager.swift in Sources */,
				1A64A5D32410F73400FD65CE /* ViewController.swift in Sources */,
				1AFC2E682412255B0066254E /* UIView - Ext.swift in Sources */,
				1A5F910B24110C9D007BEE4E /* Location.swift in Sources */,
				1AA2D96724138AF000CF5FC1 /* PageViewController.swift in Sources */,
				1A64A5CF2410F73400FD65CE /* AppDelegate.swift in Sources */,
				1AA2D96B24144C9700CF5FC1 /* CurrentLocationVC.swift in Sources */,
				1AA2D96F2414653000CF5FC1 /* LocationSearchVC.swift in Sources */,
				1AA2D969241435DD00CF5FC1 /* CustomLocationVC.swift in Sources */,
				1A64A5D12410F73400FD65CE /* SceneDelegate.swift in Sources */,
			);
			runOnlyForDeploymentPostprocessing = 0;
		};
/* End PBXSourcesBuildPhase section */

/* Begin PBXVariantGroup section */
		1A64A5D42410F73400FD65CE /* Main.storyboard */ = {
			isa = PBXVariantGroup;
			children = (
				1A64A5D52410F73400FD65CE /* Base */,
			);
			name = Main.storyboard;
			sourceTree = "<group>";
		};
		1A64A5D92410F73500FD65CE /* LaunchScreen.storyboard */ = {
			isa = PBXVariantGroup;
			children = (
				1A64A5DA2410F73500FD65CE /* Base */,
			);
			name = LaunchScreen.storyboard;
			sourceTree = "<group>";
		};
/* End PBXVariantGroup section */

/* Begin XCBuildConfiguration section */
		1A64A5DD2410F73500FD65CE /* Debug */ = {
			isa = XCBuildConfiguration;
			buildSettings = {
				ALWAYS_SEARCH_USER_PATHS = NO;
				CLANG_ANALYZER_NONNULL = YES;
				CLANG_ANALYZER_NUMBER_OBJECT_CONVERSION = YES_AGGRESSIVE;
				CLANG_CXX_LANGUAGE_STANDARD = "gnu++14";
				CLANG_CXX_LIBRARY = "libc++";
				CLANG_ENABLE_MODULES = YES;
				CLANG_ENABLE_OBJC_ARC = YES;
				CLANG_ENABLE_OBJC_WEAK = YES;
				CLANG_WARN_BLOCK_CAPTURE_AUTORELEASING = YES;
				CLANG_WARN_BOOL_CONVERSION = YES;
				CLANG_WARN_COMMA = YES;
				CLANG_WARN_CONSTANT_CONVERSION = YES;
				CLANG_WARN_DEPRECATED_OBJC_IMPLEMENTATIONS = YES;
				CLANG_WARN_DIRECT_OBJC_ISA_USAGE = YES_ERROR;
				CLANG_WARN_DOCUMENTATION_COMMENTS = YES;
				CLANG_WARN_EMPTY_BODY = YES;
				CLANG_WARN_ENUM_CONVERSION = YES;
				CLANG_WARN_INFINITE_RECURSION = YES;
				CLANG_WARN_INT_CONVERSION = YES;
				CLANG_WARN_NON_LITERAL_NULL_CONVERSION = YES;
				CLANG_WARN_OBJC_IMPLICIT_RETAIN_SELF = YES;
				CLANG_WARN_OBJC_LITERAL_CONVERSION = YES;
				CLANG_WARN_OBJC_ROOT_CLASS = YES_ERROR;
				CLANG_WARN_RANGE_LOOP_ANALYSIS = YES;
				CLANG_WARN_STRICT_PROTOTYPES = YES;
				CLANG_WARN_SUSPICIOUS_MOVE = YES;
				CLANG_WARN_UNGUARDED_AVAILABILITY = YES_AGGRESSIVE;
				CLANG_WARN_UNREACHABLE_CODE = YES;
				CLANG_WARN__DUPLICATE_METHOD_MATCH = YES;
				COPY_PHASE_STRIP = NO;
				DEBUG_INFORMATION_FORMAT = dwarf;
				ENABLE_STRICT_OBJC_MSGSEND = YES;
				ENABLE_TESTABILITY = YES;
				GCC_C_LANGUAGE_STANDARD = gnu11;
				GCC_DYNAMIC_NO_PIC = NO;
				GCC_NO_COMMON_BLOCKS = YES;
				GCC_OPTIMIZATION_LEVEL = 0;
				GCC_PREPROCESSOR_DEFINITIONS = (
					"DEBUG=1",
					"$(inherited)",
				);
				GCC_WARN_64_TO_32_BIT_CONVERSION = YES;
				GCC_WARN_ABOUT_RETURN_TYPE = YES_ERROR;
				GCC_WARN_UNDECLARED_SELECTOR = YES;
				GCC_WARN_UNINITIALIZED_AUTOS = YES_AGGRESSIVE;
				GCC_WARN_UNUSED_FUNCTION = YES;
				GCC_WARN_UNUSED_VARIABLE = YES;
				IPHONEOS_DEPLOYMENT_TARGET = 13.2;
				MTL_ENABLE_DEBUG_INFO = INCLUDE_SOURCE;
				MTL_FAST_MATH = YES;
				ONLY_ACTIVE_ARCH = YES;
				SDKROOT = iphoneos;
				SWIFT_ACTIVE_COMPILATION_CONDITIONS = DEBUG;
				SWIFT_OPTIMIZATION_LEVEL = "-Onone";
			};
			name = Debug;
		};
		1A64A5DE2410F73500FD65CE /* Release */ = {
			isa = XCBuildConfiguration;
			buildSettings = {
				ALWAYS_SEARCH_USER_PATHS = NO;
				CLANG_ANALYZER_NONNULL = YES;
				CLANG_ANALYZER_NUMBER_OBJECT_CONVERSION = YES_AGGRESSIVE;
				CLANG_CXX_LANGUAGE_STANDARD = "gnu++14";
				CLANG_CXX_LIBRARY = "libc++";
				CLANG_ENABLE_MODULES = YES;
				CLANG_ENABLE_OBJC_ARC = YES;
				CLANG_ENABLE_OBJC_WEAK = YES;
				CLANG_WARN_BLOCK_CAPTURE_AUTORELEASING = YES;
				CLANG_WARN_BOOL_CONVERSION = YES;
				CLANG_WARN_COMMA = YES;
				CLANG_WARN_CONSTANT_CONVERSION = YES;
				CLANG_WARN_DEPRECATED_OBJC_IMPLEMENTATIONS = YES;
				CLANG_WARN_DIRECT_OBJC_ISA_USAGE = YES_ERROR;
				CLANG_WARN_DOCUMENTATION_COMMENTS = YES;
				CLANG_WARN_EMPTY_BODY = YES;
				CLANG_WARN_ENUM_CONVERSION = YES;
				CLANG_WARN_INFINITE_RECURSION = YES;
				CLANG_WARN_INT_CONVERSION = YES;
				CLANG_WARN_NON_LITERAL_NULL_CONVERSION = YES;
				CLANG_WARN_OBJC_IMPLICIT_RETAIN_SELF = YES;
				CLANG_WARN_OBJC_LITERAL_CONVERSION = YES;
				CLANG_WARN_OBJC_ROOT_CLASS = YES_ERROR;
				CLANG_WARN_RANGE_LOOP_ANALYSIS = YES;
				CLANG_WARN_STRICT_PROTOTYPES = YES;
				CLANG_WARN_SUSPICIOUS_MOVE = YES;
				CLANG_WARN_UNGUARDED_AVAILABILITY = YES_AGGRESSIVE;
				CLANG_WARN_UNREACHABLE_CODE = YES;
				CLANG_WARN__DUPLICATE_METHOD_MATCH = YES;
				COPY_PHASE_STRIP = NO;
				DEBUG_INFORMATION_FORMAT = "dwarf-with-dsym";
				ENABLE_NS_ASSERTIONS = NO;
				ENABLE_STRICT_OBJC_MSGSEND = YES;
				GCC_C_LANGUAGE_STANDARD = gnu11;
				GCC_NO_COMMON_BLOCKS = YES;
				GCC_WARN_64_TO_32_BIT_CONVERSION = YES;
				GCC_WARN_ABOUT_RETURN_TYPE = YES_ERROR;
				GCC_WARN_UNDECLARED_SELECTOR = YES;
				GCC_WARN_UNINITIALIZED_AUTOS = YES_AGGRESSIVE;
				GCC_WARN_UNUSED_FUNCTION = YES;
				GCC_WARN_UNUSED_VARIABLE = YES;
				IPHONEOS_DEPLOYMENT_TARGET = 13.2;
				MTL_ENABLE_DEBUG_INFO = NO;
				MTL_FAST_MATH = YES;
				SDKROOT = iphoneos;
				SWIFT_COMPILATION_MODE = wholemodule;
				SWIFT_OPTIMIZATION_LEVEL = "-O";
				VALIDATE_PRODUCT = YES;
			};
			name = Release;
		};
		1A64A5E02410F73500FD65CE /* Debug */ = {
			isa = XCBuildConfiguration;
			baseConfigurationReference = 9459B174E46446AA449DE17F /* Pods-Dark Sky.debug.xcconfig */;
			buildSettings = {
				ASSETCATALOG_COMPILER_APPICON_NAME = AppIcon;
				CODE_SIGN_STYLE = Automatic;
				DEVELOPMENT_TEAM = 55BUFERA4K;
				INFOPLIST_FILE = "Dark Sky/Support Files/Info.plist";
				LD_RUNPATH_SEARCH_PATHS = (
					"$(inherited)",
					"@executable_path/Frameworks",
				);
				PRODUCT_BUNDLE_IDENTIFIER = "cc.miclin.Dark-Sky";
				PRODUCT_NAME = "$(TARGET_NAME)";
				SWIFT_VERSION = 5.0;
				TARGETED_DEVICE_FAMILY = "1,2";
			};
			name = Debug;
		};
		1A64A5E12410F73500FD65CE /* Release */ = {
			isa = XCBuildConfiguration;
			baseConfigurationReference = 7AF001573BEE7D4EE21830A6 /* Pods-Dark Sky.release.xcconfig */;
			buildSettings = {
				ASSETCATALOG_COMPILER_APPICON_NAME = AppIcon;
				CODE_SIGN_STYLE = Automatic;
				DEVELOPMENT_TEAM = 55BUFERA4K;
				INFOPLIST_FILE = "Dark Sky/Support Files/Info.plist";
				LD_RUNPATH_SEARCH_PATHS = (
					"$(inherited)",
					"@executable_path/Frameworks",
				);
				PRODUCT_BUNDLE_IDENTIFIER = "cc.miclin.Dark-Sky";
				PRODUCT_NAME = "$(TARGET_NAME)";
				SWIFT_VERSION = 5.0;
				TARGETED_DEVICE_FAMILY = "1,2";
			};
			name = Release;
		};
/* End XCBuildConfiguration section */

/* Begin XCConfigurationList section */
		1A64A5C62410F73400FD65CE /* Build configuration list for PBXProject "Dark Sky" */ = {
			isa = XCConfigurationList;
			buildConfigurations = (
				1A64A5DD2410F73500FD65CE /* Debug */,
				1A64A5DE2410F73500FD65CE /* Release */,
			);
			defaultConfigurationIsVisible = 0;
			defaultConfigurationName = Release;
		};
		1A64A5DF2410F73500FD65CE /* Build configuration list for PBXNativeTarget "Dark Sky" */ = {
			isa = XCConfigurationList;
			buildConfigurations = (
				1A64A5E02410F73500FD65CE /* Debug */,
				1A64A5E12410F73500FD65CE /* Release */,
			);
			defaultConfigurationIsVisible = 0;
			defaultConfigurationName = Release;
		};
/* End XCConfigurationList section */
	};
	rootObject = 1A64A5C32410F73400FD65CE /* Project object */;
}
